
Microsoft Visual Studio Solution File, Format Version 12.00
# Visual Studio Version 17
VisualStudioVersion = 17.4.33122.133
MinimumVisualStudioVersion = 10.0.40219.1
Project("{FAE04EC0-301F-11D3-BF4B-00C04F79EFBC}") = "NUMATOTelnet", "NUMATOTelnet\NUMATOTelnet.csproj", "{D02CFFCB-0DE0-4A56-8199-C706BEC21B56}"
EndProject
Project("{FAE04EC0-301F-11D3-BF4B-00C04F79EFBC}") = "NUMATOgpio", "..\..\DLL\NUMATOgpio\NUMATOgpio.csproj", "{B69C7E37-C64A-483E-A44C-0DD32BFF42A9}"
EndProject
Global
	GlobalSection(SolutionConfigurationPlatforms) = preSolution
		Debug|Any CPU = Debug|Any CPU
		Release|Any CPU = Release|Any CPU
	EndGlobalSection
	GlobalSection(ProjectConfigurationPlatforms) = postSolution
		{D02CFFCB-0DE0-4A56-8199-C706BEC21B56}.Debug|Any CPU.ActiveCfg = Debug|Any CPU
		{D02CFFCB-0DE0-4A56-8199-C706BEC21B56}.Debug|Any CPU.Build.0 = Debug|Any CPU
		{D02CFFCB-0DE0-4A56-8199-C706BEC21B56}.Release|Any CPU.ActiveCfg = Release|Any CPU
		{D02CFFCB-0DE0-4A56-8199-C706BEC21B56}.Release|Any CPU.Build.0 = Release|Any CPU
		{B69C7E37-C64A-483E-A44C-0DD32BFF42A9}.Debug|Any CPU.ActiveCfg = Debug|Any CPU
		{B69C7E37-C64A-483E-A44C-0DD32BFF42A9}.Debug|Any CPU.Build.0 = Debug|Any CPU
		{B69C7E37-C64A-483E-A44C-0DD32BFF42A9}.Release|Any CPU.ActiveCfg = Release|Any CPU
		{B69C7E37-C64A-483E-A44C-0DD32BFF42A9}.Release|Any CPU.Build.0 = Release|Any CPU
	EndGlobalSection
	GlobalSection(SolutionProperties) = preSolution
		HideSolutionNode = FALSE
	EndGlobalSection
	GlobalSection(ExtensibilityGlobals) = postSolution
		SolutionGuid = {64A624F4-84FF-4564-9F9A-0E486DFED4AD}
	EndGlobalSection
EndGlobal
